// !$*UTF8*$!
{
	archiveVersion = 1;
	classes = {
	};
	objectVersion = 46;
	objects = {

/* Begin PBXBuildFile section */
		2DA8DC071AA7BA1800F0ED9A /* TodoDocumentTableViewController.m in Sources */ = {isa = PBXBuildFile; fileRef = 2DA8DC061AA7BA1800F0ED9A /* TodoDocumentTableViewController.m */; };
		2DA8DC0A1AA7BCDE00F0ED9A /* AddTodoItemViewController.m in Sources */ = {isa = PBXBuildFile; fileRef = 2DA8DC091AA7BCDE00F0ED9A /* AddTodoItemViewController.m */; };
		2DAD4C4B1AA624E100F496C3 /* main.m in Sources */ = {isa = PBXBuildFile; fileRef = 2DAD4C4A1AA624E100F496C3 /* main.m */; };
		2DAD4C4E1AA624E100F496C3 /* AppDelegate.m in Sources */ = {isa = PBXBuildFile; fileRef = 2DAD4C4D1AA624E100F496C3 /* AppDelegate.m */; };
		2DAD4C511AA624E100F496C3 /* MasterViewController.m in Sources */ = {isa = PBXBuildFile; fileRef = 2DAD4C501AA624E100F496C3 /* MasterViewController.m */; };
		2DAD4C541AA624E100F496C3 /* DetailViewController.m in Sources */ = {isa = PBXBuildFile; fileRef = 2DAD4C531AA624E100F496C3 /* DetailViewController.m */; };
		2DAD4C571AA624E200F496C3 /* Main.storyboard in Resources */ = {isa = PBXBuildFile; fileRef = 2DAD4C551AA624E200F496C3 /* Main.storyboard */; };
		2DAD4C591AA624E200F496C3 /* Images.xcassets in Resources */ = {isa = PBXBuildFile; fileRef = 2DAD4C581AA624E200F496C3 /* Images.xcassets */; };
		2DAD4C5C1AA624E200F496C3 /* LaunchScreen.xib in Resources */ = {isa = PBXBuildFile; fileRef = 2DAD4C5A1AA624E200F496C3 /* LaunchScreen.xib */; };
		2DAD4C681AA624E200F496C3 /* AnotherTodoTests.m in Sources */ = {isa = PBXBuildFile; fileRef = 2DAD4C671AA624E200F496C3 /* AnotherTodoTests.m */; };
		2DAD4C751AA66F4200F496C3 /* TodoDocument.m in Sources */ = {isa = PBXBuildFile; fileRef = 2DAD4C741AA66F4200F496C3 /* TodoDocument.m */; };
		2DAD4C781AA6704300F496C3 /* TodoItem.m in Sources */ = {isa = PBXBuildFile; fileRef = 2DAD4C771AA6704300F496C3 /* TodoItem.m */; };
		2DAD4C7A1AA67FC300F496C3 /* TodoDocumentTests.m in Sources */ = {isa = PBXBuildFile; fileRef = 2DAD4C791AA67FC300F496C3 /* TodoDocumentTests.m */; };
/* End PBXBuildFile section */

/* Begin PBXContainerItemProxy section */
		2DAD4C621AA624E200F496C3 /* PBXContainerItemProxy */ = {
			isa = PBXContainerItemProxy;
			containerPortal = 2DAD4C3D1AA624E100F496C3 /* Project object */;
			proxyType = 1;
			remoteGlobalIDString = 2DAD4C441AA624E100F496C3;
			remoteInfo = AnotherTodo;
		};
/* End PBXContainerItemProxy section */

/* Begin PBXFileReference section */
		2DA8DC051AA7BA1800F0ED9A /* TodoDocumentTableViewController.h */ = {isa = PBXFileReference; fileEncoding = 4; lastKnownFileType = sourcecode.c.h; path = TodoDocumentTableViewController.h; sourceTree = "<group>"; };
		2DA8DC061AA7BA1800F0ED9A /* TodoDocumentTableViewController.m */ = {isa = PBXFileReference; fileEncoding = 4; lastKnownFileType = sourcecode.c.objc; path = TodoDocumentTableViewController.m; sourceTree = "<group>"; };
		2DA8DC081AA7BCD400F0ED9A /* AddTodoItemViewController.h */ = {isa = PBXFileReference; fileEncoding = 4; lastKnownFileType = sourcecode.c.h; path = AddTodoItemViewController.h; sourceTree = "<group>"; };
		2DA8DC091AA7BCDE00F0ED9A /* AddTodoItemViewController.m */ = {isa = PBXFileReference; fileEncoding = 4; lastKnownFileType = sourcecode.c.objc; path = AddTodoItemViewController.m; sourceTree = "<group>"; };
		2DAD4C451AA624E100F496C3 /* AnotherTodo.app */ = {isa = PBXFileReference; explicitFileType = wrapper.application; includeInIndex = 0; path = AnotherTodo.app; sourceTree = BUILT_PRODUCTS_DIR; };
		2DAD4C491AA624E100F496C3 /* Info.plist */ = {isa = PBXFileReference; lastKnownFileType = text.plist.xml; path = Info.plist; sourceTree = "<group>"; };
		2DAD4C4A1AA624E100F496C3 /* main.m */ = {isa = PBXFileReference; lastKnownFileType = sourcecode.c.objc; path = main.m; sourceTree = "<group>"; };
		2DAD4C4C1AA624E100F496C3 /* AppDelegate.h */ = {isa = PBXFileReference; lastKnownFileType = sourcecode.c.h; path = AppDelegate.h; sourceTree = "<group>"; };
		2DAD4C4D1AA624E100F496C3 /* AppDelegate.m */ = {isa = PBXFileReference; lastKnownFileType = sourcecode.c.objc; path = AppDelegate.m; sourceTree = "<group>"; };
		2DAD4C4F1AA624E100F496C3 /* MasterViewController.h */ = {isa = PBXFileReference; lastKnownFileType = sourcecode.c.h; path = MasterViewController.h; sourceTree = "<group>"; };
		2DAD4C501AA624E100F496C3 /* MasterViewController.m */ = {isa = PBXFileReference; lastKnownFileType = sourcecode.c.objc; path = MasterViewController.m; sourceTree = "<group>"; };
		2DAD4C521AA624E100F496C3 /* DetailViewController.h */ = {isa = PBXFileReference; lastKnownFileType = sourcecode.c.h; path = DetailViewController.h; sourceTree = "<group>"; };
		2DAD4C531AA624E100F496C3 /* DetailViewController.m */ = {isa = PBXFileReference; lastKnownFileType = sourcecode.c.objc; path = DetailViewController.m; sourceTree = "<group>"; };
		2DAD4C561AA624E200F496C3 /* Base */ = {isa = PBXFileReference; lastKnownFileType = file.storyboard; name = Base; path = Base.lproj/Main.storyboard; sourceTree = "<group>"; };
		2DAD4C581AA624E200F496C3 /* Images.xcassets */ = {isa = PBXFileReference; lastKnownFileType = folder.assetcatalog; path = Images.xcassets; sourceTree = "<group>"; };
		2DAD4C5B1AA624E200F496C3 /* Base */ = {isa = PBXFileReference; lastKnownFileType = file.xib; name = Base; path = Base.lproj/LaunchScreen.xib; sourceTree = "<group>"; };
		2DAD4C611AA624E200F496C3 /* AnotherTodoTests.xctest */ = {isa = PBXFileReference; explicitFileType = wrapper.cfbundle; includeInIndex = 0; path = AnotherTodoTests.xctest; sourceTree = BUILT_PRODUCTS_DIR; };
		2DAD4C661AA624E200F496C3 /* Info.plist */ = {isa = PBXFileReference; lastKnownFileType = text.plist.xml; path = Info.plist; sourceTree = "<group>"; };
		2DAD4C671AA624E200F496C3 /* AnotherTodoTests.m */ = {isa = PBXFileReference; lastKnownFileType = sourcecode.c.objc; path = AnotherTodoTests.m; sourceTree = "<group>"; };
		2DAD4C731AA66F4200F496C3 /* TodoDocument.h */ = {isa = PBXFileReference; fileEncoding = 4; lastKnownFileType = sourcecode.c.h; path = TodoDocument.h; sourceTree = "<group>"; };
		2DAD4C741AA66F4200F496C3 /* TodoDocument.m */ = {isa = PBXFileReference; fileEncoding = 4; lastKnownFileType = sourcecode.c.objc; path = TodoDocument.m; sourceTree = "<group>"; };
		2DAD4C761AA6704300F496C3 /* TodoItem.h */ = {isa = PBXFileReference; fileEncoding = 4; lastKnownFileType = sourcecode.c.h; path = TodoItem.h; sourceTree = "<group>"; };
		2DAD4C771AA6704300F496C3 /* TodoItem.m */ = {isa = PBXFileReference; fileEncoding = 4; lastKnownFileType = sourcecode.c.objc; path = TodoItem.m; sourceTree = "<group>"; };
		2DAD4C791AA67FC300F496C3 /* TodoDocumentTests.m */ = {isa = PBXFileReference; fileEncoding = 4; lastKnownFileType = sourcecode.c.objc; path = TodoDocumentTests.m; sourceTree = "<group>"; };
/* End PBXFileReference section */

/* Begin PBXFrameworksBuildPhase section */
		2DAD4C421AA624E100F496C3 /* Frameworks */ = {
			isa = PBXFrameworksBuildPhase;
			buildActionMask = 2147483647;
			files = (
			);
			runOnlyForDeploymentPostprocessing = 0;
		};
		2DAD4C5E1AA624E200F496C3 /* Frameworks */ = {
			isa = PBXFrameworksBuildPhase;
			buildActionMask = 2147483647;
			files = (
			);
			runOnlyForDeploymentPostprocessing = 0;
		};
/* End PBXFrameworksBuildPhase section */

/* Begin PBXGroup section */
		2DAD4C3C1AA624E100F496C3 = {
			isa = PBXGroup;
			children = (
				2DAD4C471AA624E100F496C3 /* AnotherTodo */,
				2DAD4C641AA624E200F496C3 /* AnotherTodoTests */,
				2DAD4C461AA624E100F496C3 /* Products */,
			);
			sourceTree = "<group>";
		};
		2DAD4C461AA624E100F496C3 /* Products */ = {
			isa = PBXGroup;
			children = (
				2DAD4C451AA624E100F496C3 /* AnotherTodo.app */,
				2DAD4C611AA624E200F496C3 /* AnotherTodoTests.xctest */,
			);
			name = Products;
			sourceTree = "<group>";
		};
		2DAD4C471AA624E100F496C3 /* AnotherTodo */ = {
			isa = PBXGroup;
			children = (
				2DAD4C551AA624E200F496C3 /* Main.storyboard */,
				2DAD4C5A1AA624E200F496C3 /* LaunchScreen.xib */,
				2DAD4C581AA624E200F496C3 /* Images.xcassets */,
				2DAD4C4C1AA624E100F496C3 /* AppDelegate.h */,
				2DA8DC081AA7BCD400F0ED9A /* AddTodoItemViewController.h */,
				2DA8DC091AA7BCDE00F0ED9A /* AddTodoItemViewController.m */,
				2DAD4C4D1AA624E100F496C3 /* AppDelegate.m */,
				2DA8DC051AA7BA1800F0ED9A /* TodoDocumentTableViewController.h */,
				2DA8DC061AA7BA1800F0ED9A /* TodoDocumentTableViewController.m */,
				2DAD4C521AA624E100F496C3 /* DetailViewController.h */,
				2DAD4C531AA624E100F496C3 /* DetailViewController.m */,
				2DAD4C4F1AA624E100F496C3 /* MasterViewController.h */,
				2DAD4C501AA624E100F496C3 /* MasterViewController.m */,
				2DAD4C731AA66F4200F496C3 /* TodoDocument.h */,
				2DAD4C741AA66F4200F496C3 /* TodoDocument.m */,
				2DAD4C761AA6704300F496C3 /* TodoItem.h */,
				2DAD4C771AA6704300F496C3 /* TodoItem.m */,
				2DAD4C481AA624E100F496C3 /* Supporting Files */,
			);
			path = AnotherTodo;
			sourceTree = "<group>";
		};
		2DAD4C481AA624E100F496C3 /* Supporting Files */ = {
			isa = PBXGroup;
			children = (
				2DAD4C491AA624E100F496C3 /* Info.plist */,
				2DAD4C4A1AA624E100F496C3 /* main.m */,
			);
			name = "Supporting Files";
			sourceTree = "<group>";
		};
		2DAD4C641AA624E200F496C3 /* AnotherTodoTests */ = {
			isa = PBXGroup;
			children = (
				2DAD4C671AA624E200F496C3 /* AnotherTodoTests.m */,
				2DAD4C791AA67FC300F496C3 /* TodoDocumentTests.m */,
				2DAD4C651AA624E200F496C3 /* Supporting Files */,
			);
			path = AnotherTodoTests;
			sourceTree = "<group>";
		};
		2DAD4C651AA624E200F496C3 /* Supporting Files */ = {
			isa = PBXGroup;
			children = (
				2DAD4C661AA624E200F496C3 /* Info.plist */,
			);
			name = "Supporting Files";
			sourceTree = "<group>";
		};
/* End PBXGroup section */

/* Begin PBXNativeTarget section */
		2DAD4C441AA624E100F496C3 /* AnotherTodo */ = {
			isa = PBXNativeTarget;
			buildConfigurationList = 2DAD4C6B1AA624E200F496C3 /* Build configuration list for PBXNativeTarget "AnotherTodo" */;
			buildPhases = (
				2DAD4C411AA624E100F496C3 /* Sources */,
				2DAD4C421AA624E100F496C3 /* Frameworks */,
				2DAD4C431AA624E100F496C3 /* Resources */,
			);
			buildRules = (
			);
			dependencies = (
			);
			name = AnotherTodo;
			productName = AnotherTodo;
			productReference = 2DAD4C451AA624E100F496C3 /* AnotherTodo.app */;
			productType = "com.apple.product-type.application";
		};
		2DAD4C601AA624E200F496C3 /* AnotherTodoTests */ = {
			isa = PBXNativeTarget;
			buildConfigurationList = 2DAD4C6E1AA624E200F496C3 /* Build configuration list for PBXNativeTarget "AnotherTodoTests" */;
			buildPhases = (
				2DAD4C5D1AA624E200F496C3 /* Sources */,
				2DAD4C5E1AA624E200F496C3 /* Frameworks */,
				2DAD4C5F1AA624E200F496C3 /* Resources */,
			);
			buildRules = (
			);
			dependencies = (
				2DAD4C631AA624E200F496C3 /* PBXTargetDependency */,
			);
			name = AnotherTodoTests;
			productName = AnotherTodoTests;
			productReference = 2DAD4C611AA624E200F496C3 /* AnotherTodoTests.xctest */;
			productType = "com.apple.product-type.bundle.unit-test";
		};
/* End PBXNativeTarget section */

/* Begin PBXProject section */
		2DAD4C3D1AA624E100F496C3 /* Project object */ = {
			isa = PBXProject;
			attributes = {
				LastUpgradeCheck = 0610;
				ORGANIZATIONNAME = "Damian Martinez";
				TargetAttributes = {
					2DAD4C441AA624E100F496C3 = {
						CreatedOnToolsVersion = 6.1.1;
						DevelopmentTeam = VJQVCNEYVJ;
					};
					2DAD4C601AA624E200F496C3 = {
						CreatedOnToolsVersion = 6.1.1;
						TestTargetID = 2DAD4C441AA624E100F496C3;
					};
				};
			};
			buildConfigurationList = 2DAD4C401AA624E100F496C3 /* Build configuration list for PBXProject "AnotherTodo" */;
			compatibilityVersion = "Xcode 3.2";
			developmentRegion = English;
			hasScannedForEncodings = 0;
			knownRegions = (
				en,
				Base,
			);
			mainGroup = 2DAD4C3C1AA624E100F496C3;
			productRefGroup = 2DAD4C461AA624E100F496C3 /* Products */;
			projectDirPath = "";
			projectRoot = "";
			targets = (
				2DAD4C441AA624E100F496C3 /* AnotherTodo */,
				2DAD4C601AA624E200F496C3 /* AnotherTodoTests */,
			);
		};
/* End PBXProject section */

/* Begin PBXResourcesBuildPhase section */
		2DAD4C431AA624E100F496C3 /* Resources */ = {
			isa = PBXResourcesBuildPhase;
			buildActionMask = 2147483647;
			files = (
				2DAD4C571AA624E200F496C3 /* Main.storyboard in Resources */,
				2DAD4C5C1AA624E200F496C3 /* LaunchScreen.xib in Resources */,
				2DAD4C591AA624E200F496C3 /* Images.xcassets in Resources */,
			);
			runOnlyForDeploymentPostprocessing = 0;
		};
		2DAD4C5F1AA624E200F496C3 /* Resources */ = {
			isa = PBXResourcesBuildPhase;
			buildActionMask = 2147483647;
			files = (
			);
			runOnlyForDeploymentPostprocessing = 0;
		};
/* End PBXResourcesBuildPhase section */

/* Begin PBXSourcesBuildPhase section */
		2DAD4C411AA624E100F496C3 /* Sources */ = {
			isa = PBXSourcesBuildPhase;
			buildActionMask = 2147483647;
			files = (
				2DA8DC071AA7BA1800F0ED9A /* TodoDocumentTableViewController.m in Sources */,
				2DAD4C4E1AA624E100F496C3 /* AppDelegate.m in Sources */,
				2DA8DC0A1AA7BCDE00F0ED9A /* AddTodoItemViewController.m in Sources */,
				2DAD4C781AA6704300F496C3 /* TodoItem.m in Sources */,
				2DAD4C511AA624E100F496C3 /* MasterViewController.m in Sources */,
				2DAD4C4B1AA624E100F496C3 /* main.m in Sources */,
				2DAD4C751AA66F4200F496C3 /* TodoDocument.m in Sources */,
				2DAD4C541AA624E100F496C3 /* DetailViewController.m in Sources */,
			);
			runOnlyForDeploymentPostprocessing = 0;
		};
		2DAD4C5D1AA624E200F496C3 /* Sources */ = {
			isa = PBXSourcesBuildPhase;
			buildActionMask = 2147483647;
			files = (
				2DAD4C7A1AA67FC300F496C3 /* TodoDocumentTests.m in Sources */,
				2DAD4C681AA624E200F496C3 /* AnotherTodoTests.m in Sources */,
			);
			runOnlyForDeploymentPostprocessing = 0;
		};
/* End PBXSourcesBuildPhase section */

/* Begin PBXTargetDependency section */
		2DAD4C631AA624E200F496C3 /* PBXTargetDependency */ = {
			isa = PBXTargetDependency;
			target = 2DAD4C441AA624E100F496C3 /* AnotherTodo */;
			targetProxy = 2DAD4C621AA624E200F496C3 /* PBXContainerItemProxy */;
		};
/* End PBXTargetDependency section */

/* Begin PBXVariantGroup section */
		2DAD4C551AA624E200F496C3 /* Main.storyboard */ = {
			isa = PBXVariantGroup;
			children = (
				2DAD4C561AA624E200F496C3 /* Base */,
			);
			name = Main.storyboard;
			sourceTree = "<group>";
		};
		2DAD4C5A1AA624E200F496C3 /* LaunchScreen.xib */ = {
			isa = PBXVariantGroup;
			children = (
				2DAD4C5B1AA624E200F496C3 /* Base */,
			);
			name = LaunchScreen.xib;
			sourceTree = "<group>";
		};
/* End PBXVariantGroup section */

/* Begin XCBuildConfiguration section */
		2DAD4C691AA624E200F496C3 /* Debug */ = {
			isa = XCBuildConfiguration;
			buildSettings = {
				ALWAYS_SEARCH_USER_PATHS = NO;
				CLANG_CXX_LANGUAGE_STANDARD = "gnu++0x";
				CLANG_CXX_LIBRARY = "libc++";
				CLANG_ENABLE_MODULES = YES;
				CLANG_ENABLE_OBJC_ARC = YES;
				CLANG_WARN_BOOL_CONVERSION = YES;
				CLANG_WARN_CONSTANT_CONVERSION = YES;
				CLANG_WARN_DIRECT_OBJC_ISA_USAGE = YES_ERROR;
				CLANG_WARN_EMPTY_BODY = YES;
				CLANG_WARN_ENUM_CONVERSION = YES;
				CLANG_WARN_INT_CONVERSION = YES;
				CLANG_WARN_OBJC_ROOT_CLASS = YES_ERROR;
				CLANG_WARN_UNREACHABLE_CODE = YES;
				CLANG_WARN__DUPLICATE_METHOD_MATCH = YES;
				"CODE_SIGN_IDENTITY[sdk=iphoneos*]" = "iPhone Developer";
				COPY_PHASE_STRIP = NO;
				ENABLE_STRICT_OBJC_MSGSEND = YES;
				GCC_C_LANGUAGE_STANDARD = gnu99;
				GCC_DYNAMIC_NO_PIC = NO;
				GCC_OPTIMIZATION_LEVEL = 0;
				GCC_PREPROCESSOR_DEFINITIONS = (
					"DEBUG=1",
					"$(inherited)",
				);
				GCC_SYMBOLS_PRIVATE_EXTERN = NO;
				GCC_WARN_64_TO_32_BIT_CONVERSION = YES;
				GCC_WARN_ABOUT_RETURN_TYPE = YES_ERROR;
				GCC_WARN_UNDECLARED_SELECTOR = YES;
				GCC_WARN_UNINITIALIZED_AUTOS = YES_AGGRESSIVE;
				GCC_WARN_UNUSED_FUNCTION = YES;
				GCC_WARN_UNUSED_VARIABLE = YES;
				IPHONEOS_DEPLOYMENT_TARGET = 8.1;
				MTL_ENABLE_DEBUG_INFO = YES;
				ONLY_ACTIVE_ARCH = YES;
				SDKROOT = iphoneos;
				TARGETED_DEVICE_FAMILY = "1,2";
				VERSIONING_SYSTEM = "";
			};
			name = Debug;
		};
		2DAD4C6A1AA624E200F496C3 /* Release */ = {
			isa = XCBuildConfiguration;
			buildSettings = {
				ALWAYS_SEARCH_USER_PATHS = NO;
				CLANG_CXX_LANGUAGE_STANDARD = "gnu++0x";
				CLANG_CXX_LIBRARY = "libc++";
				CLANG_ENABLE_MODULES = YES;
				CLANG_ENABLE_OBJC_ARC = YES;
				CLANG_WARN_BOOL_CONVERSION = YES;
				CLANG_WARN_CONSTANT_CONVERSION = YES;
				CLANG_WARN_DIRECT_OBJC_ISA_USAGE = YES_ERROR;
				CLANG_WARN_EMPTY_BODY = YES;
				CLANG_WARN_ENUM_CONVERSION = YES;
				CLANG_WARN_INT_CONVERSION = YES;
				CLANG_WARN_OBJC_ROOT_CLASS = YES_ERROR;
				CLANG_WARN_UNREACHABLE_CODE = YES;
				CLANG_WARN__DUPLICATE_METHOD_MATCH = YES;
				"CODE_SIGN_IDENTITY[sdk=iphoneos*]" = "iPhone Developer";
				COPY_PHASE_STRIP = YES;
				ENABLE_NS_ASSERTIONS = NO;
				ENABLE_STRICT_OBJC_MSGSEND = YES;
				GCC_C_LANGUAGE_STANDARD = gnu99;
				GCC_WARN_64_TO_32_BIT_CONVERSION = YES;
				GCC_WARN_ABOUT_RETURN_TYPE = YES_ERROR;
				GCC_WARN_UNDECLARED_SELECTOR = YES;
				GCC_WARN_UNINITIALIZED_AUTOS = YES_AGGRESSIVE;
				GCC_WARN_UNUSED_FUNCTION = YES;
				GCC_WARN_UNUSED_VARIABLE = YES;
				IPHONEOS_DEPLOYMENT_TARGET = 8.1;
				MTL_ENABLE_DEBUG_INFO = NO;
				SDKROOT = iphoneos;
				TARGETED_DEVICE_FAMILY = "1,2";
				VALIDATE_PRODUCT = YES;
				VERSIONING_SYSTEM = "";
			};
			name = Release;
		};
		2DAD4C6C1AA624E200F496C3 /* Debug */ = {
			isa = XCBuildConfiguration;
			buildSettings = {
				ASSETCATALOG_COMPILER_APPICON_NAME = AppIcon;
				CODE_SIGN_IDENTITY = "iPhone Developer";
				INFOPLIST_FILE = AnotherTodo/Info.plist;
				LD_RUNPATH_SEARCH_PATHS = "$(inherited) @executable_path/Frameworks";
				PRODUCT_NAME = "$(TARGET_NAME)";
			};
			name = Debug;
		};
		2DAD4C6D1AA624E200F496C3 /* Release */ = {
			isa = XCBuildConfiguration;
			buildSettings = {
				ASSETCATALOG_COMPILER_APPICON_NAME = AppIcon;
				CODE_SIGN_IDENTITY = "iPhone Developer";
				INFOPLIST_FILE = AnotherTodo/Info.plist;
				LD_RUNPATH_SEARCH_PATHS = "$(inherited) @executable_path/Frameworks";
				PRODUCT_NAME = "$(TARGET_NAME)";
			};
			name = Release;
		};
		2DAD4C6F1AA624E200F496C3 /* Debug */ = {
			isa = XCBuildConfiguration;
			buildSettings = {
				BUNDLE_LOADER = "$(TEST_HOST)";
				FRAMEWORK_SEARCH_PATHS = (
					"$(SDKROOT)/Developer/Library/Frameworks",
					"$(inherited)",
				);
				GCC_PREPROCESSOR_DEFINITIONS = (
					"DEBUG=1",
					"$(inherited)",
				);
				INFOPLIST_FILE = AnotherTodoTests/Info.plist;
				LD_RUNPATH_SEARCH_PATHS = "$(inherited) @executable_path/Frameworks @loader_path/Frameworks";
				PRODUCT_NAME = "$(TARGET_NAME)";
				TEST_HOST = "$(BUILT_PRODUCTS_DIR)/AnotherTodo.app/AnotherTodo";
			};
			name = Debug;
		};
		2DAD4C701AA624E200F496C3 /* Release */ = {
			isa = XCBuildConfiguration;
			buildSettings = {
				BUNDLE_LOADER = "$(TEST_HOST)";
				FRAMEWORK_SEARCH_PATHS = (
					"$(SDKROOT)/Developer/Library/Frameworks",
					"$(inherited)",
				);
				INFOPLIST_FILE = AnotherTodoTests/Info.plist;
				LD_RUNPATH_SEARCH_PATHS = "$(inherited) @executable_path/Frameworks @loader_path/Frameworks";
				PRODUCT_NAME = "$(TARGET_NAME)";
				TEST_HOST = "$(BUILT_PRODUCTS_DIR)/AnotherTodo.app/AnotherTodo";
			};
			name = Release;
		};
/* End XCBuildConfiguration section */

/* Begin XCConfigurationList section */
		2DAD4C401AA624E100F496C3 /* Build configuration list for PBXProject "AnotherTodo" */ = {
			isa = XCConfigurationList;
			buildConfigurations = (
				2DAD4C691AA624E200F496C3 /* Debug */,
				2DAD4C6A1AA624E200F496C3 /* Release */,
			);
			defaultConfigurationIsVisible = 0;
			defaultConfigurationName = Release;
		};
		2DAD4C6B1AA624E200F496C3 /* Build configuration list for PBXNativeTarget "AnotherTodo" */ = {
			isa = XCConfigurationList;
			buildConfigurations = (
				2DAD4C6C1AA624E200F496C3 /* Debug */,
				2DAD4C6D1AA624E200F496C3 /* Release */,
			);
			defaultConfigurationIsVisible = 0;
			defaultConfigurationName = Release;
		};
		2DAD4C6E1AA624E200F496C3 /* Build configuration list for PBXNativeTarget "AnotherTodoTests" */ = {
			isa = XCConfigurationList;
			buildConfigurations = (
				2DAD4C6F1AA624E200F496C3 /* Debug */,
				2DAD4C701AA624E200F496C3 /* Release */,
			);
			defaultConfigurationIsVisible = 0;
			defaultConfigurationName = Release;
		};
/* End XCConfigurationList section */
	};
	rootObject = 2DAD4C3D1AA624E100F496C3 /* Project object */;
}
